// !$*UTF8*$!
{
	archiveVersion = 1;
	classes = {
	};
	objectVersion = 56;
	objects = {

/* Begin PBXBuildFile section */
		2508FA7F29B85ABA002785F2 /* SwiftUIMoviesAppApp.swift in Sources */ = {isa = PBXBuildFile; fileRef = 2508FA7E29B85ABA002785F2 /* SwiftUIMoviesAppApp.swift */; };
		2508FA8129B85ABA002785F2 /* ReviewDetailView.swift in Sources */ = {isa = PBXBuildFile; fileRef = 2508FA8029B85ABA002785F2 /* ReviewDetailView.swift */; };
		2508FA8329B85ABB002785F2 /* Assets.xcassets in Resources */ = {isa = PBXBuildFile; fileRef = 2508FA8229B85ABB002785F2 /* Assets.xcassets */; };
		2508FA8629B85ABB002785F2 /* Preview Assets.xcassets in Resources */ = {isa = PBXBuildFile; fileRef = 2508FA8529B85ABB002785F2 /* Preview Assets.xcassets */; };
		2508FA8D29B85BE6002785F2 /* HomeView.swift in Sources */ = {isa = PBXBuildFile; fileRef = 2508FA8C29B85BE6002785F2 /* HomeView.swift */; };
		25E6355729BA3F7600FB3BEC /* MovieEntity.swift in Sources */ = {isa = PBXBuildFile; fileRef = 25E6355629BA3F7600FB3BEC /* MovieEntity.swift */; };
		25E6355A29BA3FE500FB3BEC /* MovieInteractor.swift in Sources */ = {isa = PBXBuildFile; fileRef = 25E6355929BA3FE500FB3BEC /* MovieInteractor.swift */; };
		25E6355E29BA4C9800FB3BEC /* MoviePresenter.swift in Sources */ = {isa = PBXBuildFile; fileRef = 25E6355D29BA4C9800FB3BEC /* MoviePresenter.swift */; };
/* End PBXBuildFile section */

/* Begin PBXFileReference section */
		2508FA7B29B85ABA002785F2 /* SwiftUIMoviesApp.app */ = {isa = PBXFileReference; explicitFileType = wrapper.application; includeInIndex = 0; path = SwiftUIMoviesApp.app; sourceTree = BUILT_PRODUCTS_DIR; };
		2508FA7E29B85ABA002785F2 /* SwiftUIMoviesAppApp.swift */ = {isa = PBXFileReference; lastKnownFileType = sourcecode.swift; path = SwiftUIMoviesAppApp.swift; sourceTree = "<group>"; };
		2508FA8029B85ABA002785F2 /* ReviewDetailView.swift */ = {isa = PBXFileReference; lastKnownFileType = sourcecode.swift; path = ReviewDetailView.swift; sourceTree = "<group>"; };
		2508FA8229B85ABB002785F2 /* Assets.xcassets */ = {isa = PBXFileReference; lastKnownFileType = folder.assetcatalog; path = Assets.xcassets; sourceTree = "<group>"; };
		2508FA8529B85ABB002785F2 /* Preview Assets.xcassets */ = {isa = PBXFileReference; lastKnownFileType = folder.assetcatalog; path = "Preview Assets.xcassets"; sourceTree = "<group>"; };
		2508FA8C29B85BE6002785F2 /* HomeView.swift */ = {isa = PBXFileReference; lastKnownFileType = sourcecode.swift; path = HomeView.swift; sourceTree = "<group>"; };
		25E6355629BA3F7600FB3BEC /* MovieEntity.swift */ = {isa = PBXFileReference; lastKnownFileType = sourcecode.swift; path = MovieEntity.swift; sourceTree = "<group>"; };
		25E6355929BA3FE500FB3BEC /* MovieInteractor.swift */ = {isa = PBXFileReference; lastKnownFileType = sourcecode.swift; path = MovieInteractor.swift; sourceTree = "<group>"; };
		25E6355D29BA4C9800FB3BEC /* MoviePresenter.swift */ = {isa = PBXFileReference; lastKnownFileType = sourcecode.swift; path = MoviePresenter.swift; sourceTree = "<group>"; };
/* End PBXFileReference section */

/* Begin PBXFrameworksBuildPhase section */
		2508FA7829B85ABA002785F2 /* Frameworks */ = {
			isa = PBXFrameworksBuildPhase;
			buildActionMask = 2147483647;
			files = (
			);
			runOnlyForDeploymentPostprocessing = 0;
		};
/* End PBXFrameworksBuildPhase section */

/* Begin PBXGroup section */
		2508FA7229B85ABA002785F2 = {
			isa = PBXGroup;
			children = (
				2508FA7D29B85ABA002785F2 /* SwiftUIMoviesApp */,
				2508FA7C29B85ABA002785F2 /* Products */,
			);
			sourceTree = "<group>";
		};
		2508FA7C29B85ABA002785F2 /* Products */ = {
			isa = PBXGroup;
			children = (
				2508FA7B29B85ABA002785F2 /* SwiftUIMoviesApp.app */,
			);
			name = Products;
			sourceTree = "<group>";
		};
		2508FA7D29B85ABA002785F2 /* SwiftUIMoviesApp */ = {
			isa = PBXGroup;
			children = (
				25E6355B29BA404500FB3BEC /* View */,
				25E6355829BA3FCC00FB3BEC /* Interactor */,
				25E6355C29BA4C7B00FB3BEC /* Presenter */,
				25E6355529BA3F3200FB3BEC /* Entity */,
				2508FA7E29B85ABA002785F2 /* SwiftUIMoviesAppApp.swift */,
				2508FA8229B85ABB002785F2 /* Assets.xcassets */,
				2508FA8429B85ABB002785F2 /* Preview Content */,
			);
			path = SwiftUIMoviesApp;
			sourceTree = "<group>";
		};
		2508FA8429B85ABB002785F2 /* Preview Content */ = {
			isa = PBXGroup;
			children = (
				2508FA8529B85ABB002785F2 /* Preview Assets.xcassets */,
			);
			path = "Preview Content";
			sourceTree = "<group>";
		};
		25E6355529BA3F3200FB3BEC /* Entity */ = {
			isa = PBXGroup;
			children = (
				25E6355629BA3F7600FB3BEC /* MovieEntity.swift */,
			);
			path = Entity;
			sourceTree = "<group>";
		};
		25E6355829BA3FCC00FB3BEC /* Interactor */ = {
			isa = PBXGroup;
			children = (
				25E6355929BA3FE500FB3BEC /* MovieInteractor.swift */,
			);
			path = Interactor;
			sourceTree = "<group>";
		};
		25E6355B29BA404500FB3BEC /* View */ = {
			isa = PBXGroup;
			children = (
				2508FA8C29B85BE6002785F2 /* HomeView.swift */,
				2508FA8029B85ABA002785F2 /* ReviewDetailView.swift */,
			);
			path = View;
			sourceTree = "<group>";
		};
		25E6355C29BA4C7B00FB3BEC /* Presenter */ = {
			isa = PBXGroup;
			children = (
				25E6355D29BA4C9800FB3BEC /* MoviePresenter.swift */,
			);
			path = Presenter;
			sourceTree = "<group>";
		};
/* End PBXGroup section */

/* Begin PBXNativeTarget section */
		2508FA7A29B85ABA002785F2 /* SwiftUIMoviesApp */ = {
			isa = PBXNativeTarget;
			buildConfigurationList = 2508FA8929B85ABB002785F2 /* Build configuration list for PBXNativeTarget "SwiftUIMoviesApp" */;
			buildPhases = (
				2508FA7729B85ABA002785F2 /* Sources */,
				2508FA7829B85ABA002785F2 /* Frameworks */,
				2508FA7929B85ABA002785F2 /* Resources */,
			);
			buildRules = (
			);
			dependencies = (
			);
			name = SwiftUIMoviesApp;
			productName = SwiftUIMoviesApp;
			productReference = 2508FA7B29B85ABA002785F2 /* SwiftUIMoviesApp.app */;
			productType = "com.apple.product-type.application";
		};
/* End PBXNativeTarget section */

/* Begin PBXProject section */
		2508FA7329B85ABA002785F2 /* Project object */ = {
			isa = PBXProject;
			attributes = {
				BuildIndependentTargetsInParallel = 1;
				LastSwiftUpdateCheck = 1420;
				LastUpgradeCheck = 1420;
				TargetAttributes = {
					2508FA7A29B85ABA002785F2 = {
						CreatedOnToolsVersion = 14.2;
					};
				};
			};
			buildConfigurationList = 2508FA7629B85ABA002785F2 /* Build configuration list for PBXProject "SwiftUIMoviesApp" */;
			compatibilityVersion = "Xcode 14.0";
			developmentRegion = en;
			hasScannedForEncodings = 0;
			knownRegions = (
				en,
				Base,
			);
			mainGroup = 2508FA7229B85ABA002785F2;
			productRefGroup = 2508FA7C29B85ABA002785F2 /* Products */;
			projectDirPath = "";
			projectRoot = "";
			targets = (
				2508FA7A29B85ABA002785F2 /* SwiftUIMoviesApp */,
			);
		};
/* End PBXProject section */

/* Begin PBXResourcesBuildPhase section */
		2508FA7929B85ABA002785F2 /* Resources */ = {
			isa = PBXResourcesBuildPhase;
			buildActionMask = 2147483647;
			files = (
				2508FA8629B85ABB002785F2 /* Preview Assets.xcassets in Resources */,
				2508FA8329B85ABB002785F2 /* Assets.xcassets in Resources */,
			);
			runOnlyForDeploymentPostprocessing = 0;
		};
/* End PBXResourcesBuildPhase section */

/* Begin PBXSourcesBuildPhase section */
		2508FA7729B85ABA002785F2 /* Sources */ = {
			isa = PBXSourcesBuildPhase;
			buildActionMask = 2147483647;
			files = (
				25E6355A29BA3FE500FB3BEC /* MovieInteractor.swift in Sources */,
				25E6355E29BA4C9800FB3BEC /* MoviePresenter.swift in Sources */,
				2508FA8D29B85BE6002785F2 /* HomeView.swift in Sources */,
				25E6355729BA3F7600FB3BEC /* MovieEntity.swift in Sources */,
				2508FA8129B85ABA002785F2 /* ReviewDetailView.swift in Sources */,
				2508FA7F29B85ABA002785F2 /* SwiftUIMoviesAppApp.swift in Sources */,
			);
			runOnlyForDeploymentPostprocessing = 0;
		};
/* End PBXSourcesBuildPhase section */

/* Begin XCBuildConfiguration section */
		2508FA8729B85ABB002785F2 /* Debug */ = {
			isa = XCBuildConfiguration;
			buildSettings = {
				ALWAYS_SEARCH_USER_PATHS = NO;
				CLANG_ANALYZER_NONNULL = YES;
				CLANG_ANALYZER_NUMBER_OBJECT_CONVERSION = YES_AGGRESSIVE;
				CLANG_CXX_LANGUAGE_STANDARD = "gnu++20";
				CLANG_ENABLE_MODULES = YES;
				CLANG_ENABLE_OBJC_ARC = YES;
				CLANG_ENABLE_OBJC_WEAK = YES;
				CLANG_WARN_BLOCK_CAPTURE_AUTORELEASING = YES;
				CLANG_WARN_BOOL_CONVERSION = YES;
				CLANG_WARN_COMMA = YES;
				CLANG_WARN_CONSTANT_CONVERSION = YES;
				CLANG_WARN_DEPRECATED_OBJC_IMPLEMENTATIONS = YES;
				CLANG_WARN_DIRECT_OBJC_ISA_USAGE = YES_ERROR;
				CLANG_WARN_DOCUMENTATION_COMMENTS = YES;
				CLANG_WARN_EMPTY_BODY = YES;
				CLANG_WARN_ENUM_CONVERSION = YES;
				CLANG_WARN_INFINITE_RECURSION = YES;
				CLANG_WARN_INT_CONVERSION = YES;
				CLANG_WARN_NON_LITERAL_NULL_CONVERSION = YES;
				CLANG_WARN_OBJC_IMPLICIT_RETAIN_SELF = YES;
				CLANG_WARN_OBJC_LITERAL_CONVERSION = YES;
				CLANG_WARN_OBJC_ROOT_CLASS = YES_ERROR;
				CLANG_WARN_QUOTED_INCLUDE_IN_FRAMEWORK_HEADER = YES;
				CLANG_WARN_RANGE_LOOP_ANALYSIS = YES;
				CLANG_WARN_STRICT_PROTOTYPES = YES;
				CLANG_WARN_SUSPICIOUS_MOVE = YES;
				CLANG_WARN_UNGUARDED_AVAILABILITY = YES_AGGRESSIVE;
				CLANG_WARN_UNREACHABLE_CODE = YES;
				CLANG_WARN__DUPLICATE_METHOD_MATCH = YES;
				COPY_PHASE_STRIP = NO;
				DEBUG_INFORMATION_FORMAT = dwarf;
				ENABLE_STRICT_OBJC_MSGSEND = YES;
				ENABLE_TESTABILITY = YES;
				GCC_C_LANGUAGE_STANDARD = gnu11;
				GCC_DYNAMIC_NO_PIC = NO;
				GCC_NO_COMMON_BLOCKS = YES;
				GCC_OPTIMIZATION_LEVEL = 0;
				GCC_PREPROCESSOR_DEFINITIONS = (
					"DEBUG=1",
					"$(inherited)",
				);
				GCC_WARN_64_TO_32_BIT_CONVERSION = YES;
				GCC_WARN_ABOUT_RETURN_TYPE = YES_ERROR;
				GCC_WARN_UNDECLARED_SELECTOR = YES;
				GCC_WARN_UNINITIALIZED_AUTOS = YES_AGGRESSIVE;
				GCC_WARN_UNUSED_FUNCTION = YES;
				GCC_WARN_UNUSED_VARIABLE = YES;
				IPHONEOS_DEPLOYMENT_TARGET = 16.2;
				MTL_ENABLE_DEBUG_INFO = INCLUDE_SOURCE;
				MTL_FAST_MATH = YES;
				ONLY_ACTIVE_ARCH = YES;
				SDKROOT = iphoneos;
				SWIFT_ACTIVE_COMPILATION_CONDITIONS = DEBUG;
				SWIFT_OPTIMIZATION_LEVEL = "-Onone";
			};
			name = Debug;
		};
		2508FA8829B85ABB002785F2 /* Release */ = {
			isa = XCBuildConfiguration;
			buildSettings = {
				ALWAYS_SEARCH_USER_PATHS = NO;
				CLANG_ANALYZER_NONNULL = YES;
				CLANG_ANALYZER_NUMBER_OBJECT_CONVERSION = YES_AGGRESSIVE;
				CLANG_CXX_LANGUAGE_STANDARD = "gnu++20";
				CLANG_ENABLE_MODULES = YES;
				CLANG_ENABLE_OBJC_ARC = YES;
				CLANG_ENABLE_OBJC_WEAK = YES;
				CLANG_WARN_BLOCK_CAPTURE_AUTORELEASING = YES;
				CLANG_WARN_BOOL_CONVERSION = YES;
				CLANG_WARN_COMMA = YES;
				CLANG_WARN_CONSTANT_CONVERSION = YES;
				CLANG_WARN_DEPRECATED_OBJC_IMPLEMENTATIONS = YES;
				CLANG_WARN_DIRECT_OBJC_ISA_USAGE = YES_ERROR;
				CLANG_WARN_DOCUMENTATION_COMMENTS = YES;
				CLANG_WARN_EMPTY_BODY = YES;
				CLANG_WARN_ENUM_CONVERSION = YES;
				CLANG_WARN_INFINITE_RECURSION = YES;
				CLANG_WARN_INT_CONVERSION = YES;
				CLANG_WARN_NON_LITERAL_NULL_CONVERSION = YES;
				CLANG_WARN_OBJC_IMPLICIT_RETAIN_SELF = YES;
				CLANG_WARN_OBJC_LITERAL_CONVERSION = YES;
				CLANG_WARN_OBJC_ROOT_CLASS = YES_ERROR;
				CLANG_WARN_QUOTED_INCLUDE_IN_FRAMEWORK_HEADER = YES;
				CLANG_WARN_RANGE_LOOP_ANALYSIS = YES;
				CLANG_WARN_STRICT_PROTOTYPES = YES;
				CLANG_WARN_SUSPICIOUS_MOVE = YES;
				CLANG_WARN_UNGUARDED_AVAILABILITY = YES_AGGRESSIVE;
				CLANG_WARN_UNREACHABLE_CODE = YES;
				CLANG_WARN__DUPLICATE_METHOD_MATCH = YES;
				COPY_PHASE_STRIP = NO;
				DEBUG_INFORMATION_FORMAT = "dwarf-with-dsym";
				ENABLE_NS_ASSERTIONS = NO;
				ENABLE_STRICT_OBJC_MSGSEND = YES;
				GCC_C_LANGUAGE_STANDARD = gnu11;
				GCC_NO_COMMON_BLOCKS = YES;
				GCC_WARN_64_TO_32_BIT_CONVERSION = YES;
				GCC_WARN_ABOUT_RETURN_TYPE = YES_ERROR;
				GCC_WARN_UNDECLARED_SELECTOR = YES;
				GCC_WARN_UNINITIALIZED_AUTOS = YES_AGGRESSIVE;
				GCC_WARN_UNUSED_FUNCTION = YES;
				GCC_WARN_UNUSED_VARIABLE = YES;
				IPHONEOS_DEPLOYMENT_TARGET = 16.2;
				MTL_ENABLE_DEBUG_INFO = NO;
				MTL_FAST_MATH = YES;
				SDKROOT = iphoneos;
				SWIFT_COMPILATION_MODE = wholemodule;
				SWIFT_OPTIMIZATION_LEVEL = "-O";
				VALIDATE_PRODUCT = YES;
			};
			name = Release;
		};
		2508FA8A29B85ABB002785F2 /* Debug */ = {
			isa = XCBuildConfiguration;
			buildSettings = {
				ASSETCATALOG_COMPILER_APPICON_NAME = AppIcon;
				ASSETCATALOG_COMPILER_GLOBAL_ACCENT_COLOR_NAME = AccentColor;
				CODE_SIGN_STYLE = Automatic;
				CURRENT_PROJECT_VERSION = 1;
				DEVELOPMENT_ASSET_PATHS = "\"SwiftUIMoviesApp/Preview Content\"";
				DEVELOPMENT_TEAM = 85YSJX97S8;
				ENABLE_PREVIEWS = YES;
				GENERATE_INFOPLIST_FILE = YES;
				INFOPLIST_KEY_UIApplicationSceneManifest_Generation = YES;
				INFOPLIST_KEY_UIApplicationSupportsIndirectInputEvents = YES;
				INFOPLIST_KEY_UILaunchScreen_Generation = YES;
				INFOPLIST_KEY_UISupportedInterfaceOrientations_iPad = "UIInterfaceOrientationPortrait UIInterfaceOrientationPortraitUpsideDown UIInterfaceOrientationLandscapeLeft UIInterfaceOrientationLandscapeRight";
				INFOPLIST_KEY_UISupportedInterfaceOrientations_iPhone = "UIInterfaceOrientationPortrait UIInterfaceOrientationLandscapeLeft UIInterfaceOrientationLandscapeRight";
				LD_RUNPATH_SEARCH_PATHS = (
					"$(inherited)",
					"@executable_path/Frameworks",
				);
				MARKETING_VERSION = 1.0;
				PRODUCT_BUNDLE_IDENTIFIER = "Jabun-Studio.SwiftUIMoviesApp";
				PRODUCT_NAME = "$(TARGET_NAME)";
				SWIFT_EMIT_LOC_STRINGS = YES;
				SWIFT_VERSION = 5.0;
				TARGETED_DEVICE_FAMILY = "1,2";
			};
			name = Debug;
		};
		2508FA8B29B85ABB002785F2 /* Release */ = {
			isa = XCBuildConfiguration;
			buildSettings = {
				ASSETCATALOG_COMPILER_APPICON_NAME = AppIcon;
				ASSETCATALOG_COMPILER_GLOBAL_ACCENT_COLOR_NAME = AccentColor;
				CODE_SIGN_STYLE = Automatic;
				CURRENT_PROJECT_VERSION = 1;
				DEVELOPMENT_ASSET_PATHS = "\"SwiftUIMoviesApp/Preview Content\"";
				DEVELOPMENT_TEAM = 85YSJX97S8;
				ENABLE_PREVIEWS = YES;
				GENERATE_INFOPLIST_FILE = YES;
				INFOPLIST_KEY_UIApplicationSceneManifest_Generation = YES;
				INFOPLIST_KEY_UIApplicationSupportsIndirectInputEvents = YES;
				INFOPLIST_KEY_UILaunchScreen_Generation = YES;
				INFOPLIST_KEY_UISupportedInterfaceOrientations_iPad = "UIInterfaceOrientationPortrait UIInterfaceOrientationPortraitUpsideDown UIInterfaceOrientationLandscapeLeft UIInterfaceOrientationLandscapeRight";
				INFOPLIST_KEY_UISupportedInterfaceOrientations_iPhone = "UIInterfaceOrientationPortrait UIInterfaceOrientationLandscapeLeft UIInterfaceOrientationLandscapeRight";
				LD_RUNPATH_SEARCH_PATHS = (
					"$(inherited)",
					"@executable_path/Frameworks",
				);
				MARKETING_VERSION = 1.0;
				PRODUCT_BUNDLE_IDENTIFIER = "Jabun-Studio.SwiftUIMoviesApp";
				PRODUCT_NAME = "$(TARGET_NAME)";
				SWIFT_EMIT_LOC_STRINGS = YES;
				SWIFT_VERSION = 5.0;
				TARGETED_DEVICE_FAMILY = "1,2";
			};
			name = Release;
		};
/* End XCBuildConfiguration section */

/* Begin XCConfigurationList section */
		2508FA7629B85ABA002785F2 /* Build configuration list for PBXProject "SwiftUIMoviesApp" */ = {
			isa = XCConfigurationList;
			buildConfigurations = (
				2508FA8729B85ABB002785F2 /* Debug */,
				2508FA8829B85ABB002785F2 /* Release */,
			);
			defaultConfigurationIsVisible = 0;
			defaultConfigurationName = Release;
		};
		2508FA8929B85ABB002785F2 /* Build configuration list for PBXNativeTarget "SwiftUIMoviesApp" */ = {
			isa = XCConfigurationList;
			buildConfigurations = (
				2508FA8A29B85ABB002785F2 /* Debug */,
				2508FA8B29B85ABB002785F2 /* Release */,
			);
			defaultConfigurationIsVisible = 0;
			defaultConfigurationName = Release;
		};
/* End XCConfigurationList section */
	};
	rootObject = 2508FA7329B85ABA002785F2 /* Project object */;
}
